// !$*UTF8*$!
{
	archiveVersion = 1;
	classes = {
	};
	objectVersion = 46;
	objects = {

/* Begin PBXBuildFile section */
		F613BC701230BA9300598136 /* InfoPlist.strings in Resources */ = {isa = PBXBuildFile; fileRef = F613BC6E1230BA9300598136 /* InfoPlist.strings */; };
		F613BC721230BA9300598136 /* main.m in Sources */ = {isa = PBXBuildFile; fileRef = F613BC711230BA9300598136 /* main.m */; };
		F613BC751230BA9300598136 /* iTunesSearchHelperAppDelegate.m in Sources */ = {isa = PBXBuildFile; fileRef = F613BC741230BA9300598136 /* iTunesSearchHelperAppDelegate.m */; };
		F613BC781230BA9300598136 /* MainWindow.xib in Resources */ = {isa = PBXBuildFile; fileRef = F613BC761230BA9300598136 /* MainWindow.xib */; };
		F613BC7B1230BA9300598136 /* RootViewController.m in Sources */ = {isa = PBXBuildFile; fileRef = F613BC7A1230BA9300598136 /* RootViewController.m */; };
		F613BC7E1230BA9300598136 /* RootViewController.xib in Resources */ = {isa = PBXBuildFile; fileRef = F613BC7C1230BA9300598136 /* RootViewController.xib */; };
		F65E0DB51230C46C005E2D72 /* CoreGraphics.framework in Frameworks */ = {isa = PBXBuildFile; fileRef = F65E0DB41230C46C005E2D72 /* CoreGraphics.framework */; };
		F65E0DB71230C46C005E2D72 /* Foundation.framework in Frameworks */ = {isa = PBXBuildFile; fileRef = F65E0DB61230C46C005E2D72 /* Foundation.framework */; };
		F65E0DB91230C46C005E2D72 /* UIKit.framework in Frameworks */ = {isa = PBXBuildFile; fileRef = F65E0DB81230C46C005E2D72 /* UIKit.framework */; };
		F6823D74130B91AA0000BF5B /* Foundation.framework in Frameworks */ = {isa = PBXBuildFile; fileRef = F65E0DB61230C46C005E2D72 /* Foundation.framework */; };
		F6823DCA130B933A0000BF5B /* ERITunesSearchHelper.m in Sources */ = {isa = PBXBuildFile; fileRef = F6935CB71230BB6600D668AD /* ERITunesSearchHelper.m */; };
		F6823DCB130B933A0000BF5B /* ERITunesSearchQuery.m in Sources */ = {isa = PBXBuildFile; fileRef = F61808FD1240911A00C0B8B8 /* ERITunesSearchQuery.m */; };
		F6823DCC130B933A0000BF5B /* ERITunesAffiliateHelper.m in Sources */ = {isa = PBXBuildFile; fileRef = F6C93C0912B32C61006A0743 /* ERITunesAffiliateHelper.m */; };
		F6823DCD130B933A0000BF5B /* ERITunesAffiliate.m in Sources */ = {isa = PBXBuildFile; fileRef = 90B9873F12EA944E00D95FE3 /* ERITunesAffiliate.m */; };
		F6823DCE130B933A0000BF5B /* ERITunesAffiliateLinkShare.m in Sources */ = {isa = PBXBuildFile; fileRef = 90B9874212EA947A00D95FE3 /* ERITunesAffiliateLinkShare.m */; };
		F6823DCF130B933A0000BF5B /* ERITunesAffiliateTradeDoubler.m in Sources */ = {isa = PBXBuildFile; fileRef = 90B9874512EA94AD00D95FE3 /* ERITunesAffiliateTradeDoubler.m */; };
		F6823DD0130B933A0000BF5B /* ERITunesAffiliateDGM.m in Sources */ = {isa = PBXBuildFile; fileRef = 90B9874812EA94D000D95FE3 /* ERITunesAffiliateDGM.m */; };
		F6823DD2130B93610000BF5B /* ERITunesAffiliate.h in Headers */ = {isa = PBXBuildFile; fileRef = 90B9873E12EA944E00D95FE3 /* ERITunesAffiliate.h */; };
		F6823DD3130B93610000BF5B /* ERITunesAffiliateLinkShare.h in Headers */ = {isa = PBXBuildFile; fileRef = 90B9874112EA947A00D95FE3 /* ERITunesAffiliateLinkShare.h */; };
		F6823DD4130B93610000BF5B /* ERITunesAffiliateTradeDoubler.h in Headers */ = {isa = PBXBuildFile; fileRef = 90B9874412EA94AD00D95FE3 /* ERITunesAffiliateTradeDoubler.h */; };
		F6823DD5130B93610000BF5B /* ERITunesAffiliateDGM.h in Headers */ = {isa = PBXBuildFile; fileRef = 90B9874712EA94D000D95FE3 /* ERITunesAffiliateDGM.h */; };
		F6823DD6130B93610000BF5B /* ERITunesSearchHelper.h in Headers */ = {isa = PBXBuildFile; fileRef = F6935CB61230BB6600D668AD /* ERITunesSearchHelper.h */; };
		F6823DD7130B93610000BF5B /* ERITunesSearchQuery.h in Headers */ = {isa = PBXBuildFile; fileRef = F61808FC1240911A00C0B8B8 /* ERITunesSearchQuery.h */; };
		F6823DD8130B93610000BF5B /* ERITunesSearchErrors.h in Headers */ = {isa = PBXBuildFile; fileRef = F63977E3126EA61400C1EA7D /* ERITunesSearchErrors.h */; };
		F6823DD9130B93610000BF5B /* ERITunesAffiliateHelper.h in Headers */ = {isa = PBXBuildFile; fileRef = F6C93C0812B32C61006A0743 /* ERITunesAffiliateHelper.h */; };
		F6823DDD130B93E80000BF5B /* iTunesSearchLibrary_Prefix.pch in Headers */ = {isa = PBXBuildFile; fileRef = F6823DDC130B93E80000BF5B /* iTunesSearchLibrary_Prefix.pch */; };
		F6823E40130CD9650000BF5B /* UIKit.framework in Frameworks */ = {isa = PBXBuildFile; fileRef = F65E0DB81230C46C005E2D72 /* UIKit.framework */; };
		F6823E56130E48BB0000BF5B /* ERITunesSearchHelper.m in Sources */ = {isa = PBXBuildFile; fileRef = F6935CB71230BB6600D668AD /* ERITunesSearchHelper.m */; };
		F6823E57130E48BB0000BF5B /* ERITunesSearchQuery.m in Sources */ = {isa = PBXBuildFile; fileRef = F61808FD1240911A00C0B8B8 /* ERITunesSearchQuery.m */; };
		F6823E58130E48BB0000BF5B /* ERITunesAffiliateHelper.m in Sources */ = {isa = PBXBuildFile; fileRef = F6C93C0912B32C61006A0743 /* ERITunesAffiliateHelper.m */; };
		F6823E59130E48BB0000BF5B /* ERITunesAffiliate.m in Sources */ = {isa = PBXBuildFile; fileRef = 90B9873F12EA944E00D95FE3 /* ERITunesAffiliate.m */; };
		F6823E5A130E48BB0000BF5B /* ERITunesAffiliateLinkShare.m in Sources */ = {isa = PBXBuildFile; fileRef = 90B9874212EA947A00D95FE3 /* ERITunesAffiliateLinkShare.m */; };
		F6823E5B130E48BB0000BF5B /* ERITunesAffiliateTradeDoubler.m in Sources */ = {isa = PBXBuildFile; fileRef = 90B9874512EA94AD00D95FE3 /* ERITunesAffiliateTradeDoubler.m */; };
		F6823E5C130E48BB0000BF5B /* ERITunesAffiliateDGM.m in Sources */ = {isa = PBXBuildFile; fileRef = 90B9874812EA94D000D95FE3 /* ERITunesAffiliateDGM.m */; };
		F6E28B5E130F7FD500C413FA /* ERITunesSearchQueryTest.m in Sources */ = {isa = PBXBuildFile; fileRef = F6E28B5D130F7FD500C413FA /* ERITunesSearchQueryTest.m */; };
/* End PBXBuildFile section */

/* Begin PBXContainerItemProxy section */
		F6823D71130B918E0000BF5B /* PBXContainerItemProxy */ = {
			isa = PBXContainerItemProxy;
			containerPortal = F613BC561230BA9100598136 /* Project object */;
			proxyType = 1;
			remoteGlobalIDString = F6823D61130B916F0000BF5B;
			remoteInfo = iTunesSearchLibrary;
		};
		F6E28B61130F810700C413FA /* PBXContainerItemProxy */ = {
			isa = PBXContainerItemProxy;
			containerPortal = F613BC561230BA9100598136 /* Project object */;
			proxyType = 1;
			remoteGlobalIDString = F6823D61130B916F0000BF5B /* iTunesSearchLibrary */;
			remoteInfo = iTunesSearchLibrary;
		};
/* End PBXContainerItemProxy section */

/* Begin PBXFileReference section */
		90B9873E12EA944E00D95FE3 /* ERITunesAffiliate.h */ = {isa = PBXFileReference; fileEncoding = 4; lastKnownFileType = sourcecode.c.h; path = ERITunesAffiliate.h; sourceTree = "<group>"; };
		90B9873F12EA944E00D95FE3 /* ERITunesAffiliate.m */ = {isa = PBXFileReference; fileEncoding = 4; lastKnownFileType = sourcecode.c.objc; path = ERITunesAffiliate.m; sourceTree = "<group>"; };
		90B9874112EA947A00D95FE3 /* ERITunesAffiliateLinkShare.h */ = {isa = PBXFileReference; fileEncoding = 4; lastKnownFileType = sourcecode.c.h; path = ERITunesAffiliateLinkShare.h; sourceTree = "<group>"; };
		90B9874212EA947A00D95FE3 /* ERITunesAffiliateLinkShare.m */ = {isa = PBXFileReference; fileEncoding = 4; lastKnownFileType = sourcecode.c.objc; path = ERITunesAffiliateLinkShare.m; sourceTree = "<group>"; };
		90B9874412EA94AD00D95FE3 /* ERITunesAffiliateTradeDoubler.h */ = {isa = PBXFileReference; fileEncoding = 4; lastKnownFileType = sourcecode.c.h; path = ERITunesAffiliateTradeDoubler.h; sourceTree = "<group>"; };
		90B9874512EA94AD00D95FE3 /* ERITunesAffiliateTradeDoubler.m */ = {isa = PBXFileReference; fileEncoding = 4; lastKnownFileType = sourcecode.c.objc; path = ERITunesAffiliateTradeDoubler.m; sourceTree = "<group>"; };
		90B9874712EA94D000D95FE3 /* ERITunesAffiliateDGM.h */ = {isa = PBXFileReference; fileEncoding = 4; lastKnownFileType = sourcecode.c.h; path = ERITunesAffiliateDGM.h; sourceTree = "<group>"; };
		90B9874812EA94D000D95FE3 /* ERITunesAffiliateDGM.m */ = {isa = PBXFileReference; fileEncoding = 4; lastKnownFileType = sourcecode.c.objc; path = ERITunesAffiliateDGM.m; sourceTree = "<group>"; };
		F613BC631230BA9300598136 /* iTunesSearchHelper.app */ = {isa = PBXFileReference; explicitFileType = wrapper.application; includeInIndex = 0; path = iTunesSearchHelper.app; sourceTree = BUILT_PRODUCTS_DIR; };
		F613BC6C1230BA9300598136 /* iTunesSearchHelper-Info.plist */ = {isa = PBXFileReference; lastKnownFileType = text.plist.xml; path = "iTunesSearchHelper-Info.plist"; sourceTree = "<group>"; };
		F613BC6D1230BA9300598136 /* iTunesSearchHelper_Prefix.pch */ = {isa = PBXFileReference; lastKnownFileType = sourcecode.c.h; path = iTunesSearchHelper_Prefix.pch; sourceTree = "<group>"; };
		F613BC6F1230BA9300598136 /* en */ = {isa = PBXFileReference; lastKnownFileType = text.plist.strings; name = en; path = en.lproj/InfoPlist.strings; sourceTree = "<group>"; };
		F613BC711230BA9300598136 /* main.m */ = {isa = PBXFileReference; lastKnownFileType = sourcecode.c.objc; path = main.m; sourceTree = "<group>"; };
		F613BC731230BA9300598136 /* iTunesSearchHelperAppDelegate.h */ = {isa = PBXFileReference; lastKnownFileType = sourcecode.c.h; name = iTunesSearchHelperAppDelegate.h; path = Classes/iTunesSearchHelperAppDelegate.h; sourceTree = "<group>"; };
		F613BC741230BA9300598136 /* iTunesSearchHelperAppDelegate.m */ = {isa = PBXFileReference; lastKnownFileType = sourcecode.c.objc; name = iTunesSearchHelperAppDelegate.m; path = Classes/iTunesSearchHelperAppDelegate.m; sourceTree = "<group>"; };
		F613BC771230BA9300598136 /* en */ = {isa = PBXFileReference; lastKnownFileType = file.xib; name = en; path = en.lproj/MainWindow.xib; sourceTree = "<group>"; };
		F613BC791230BA9300598136 /* RootViewController.h */ = {isa = PBXFileReference; lastKnownFileType = sourcecode.c.h; path = RootViewController.h; sourceTree = "<group>"; };
		F613BC7A1230BA9300598136 /* RootViewController.m */ = {isa = PBXFileReference; lastKnownFileType = sourcecode.c.objc; path = RootViewController.m; sourceTree = "<group>"; };
		F613BC7D1230BA9300598136 /* en */ = {isa = PBXFileReference; lastKnownFileType = file.xib; name = en; path = en.lproj/RootViewController.xib; sourceTree = "<group>"; };
		F61808FC1240911A00C0B8B8 /* ERITunesSearchQuery.h */ = {isa = PBXFileReference; fileEncoding = 4; lastKnownFileType = sourcecode.c.h; path = ERITunesSearchQuery.h; sourceTree = "<group>"; };
		F61808FD1240911A00C0B8B8 /* ERITunesSearchQuery.m */ = {isa = PBXFileReference; fileEncoding = 4; lastKnownFileType = sourcecode.c.objc; path = ERITunesSearchQuery.m; sourceTree = "<group>"; };
		F63977E3126EA61400C1EA7D /* ERITunesSearchErrors.h */ = {isa = PBXFileReference; fileEncoding = 4; lastKnownFileType = sourcecode.c.h; path = ERITunesSearchErrors.h; sourceTree = "<group>"; };
		F65E0DB41230C46C005E2D72 /* CoreGraphics.framework */ = {isa = PBXFileReference; lastKnownFileType = wrapper.framework; name = CoreGraphics.framework; path = System/Library/Frameworks/CoreGraphics.framework; sourceTree = SDKROOT; };
		F65E0DB61230C46C005E2D72 /* Foundation.framework */ = {isa = PBXFileReference; lastKnownFileType = wrapper.framework; name = Foundation.framework; path = System/Library/Frameworks/Foundation.framework; sourceTree = SDKROOT; };
		F65E0DB81230C46C005E2D72 /* UIKit.framework */ = {isa = PBXFileReference; lastKnownFileType = wrapper.framework; name = UIKit.framework; path = System/Library/Frameworks/UIKit.framework; sourceTree = SDKROOT; };
		F6823D62130B916F0000BF5B /* libiTunesSearchLibrary.a */ = {isa = PBXFileReference; explicitFileType = archive.ar; includeInIndex = 0; path = libiTunesSearchLibrary.a; sourceTree = BUILT_PRODUCTS_DIR; };
		F6823D6A130B91830000BF5B /* iTunesSearchHelperTests.octest */ = {isa = PBXFileReference; explicitFileType = wrapper.cfbundle; includeInIndex = 0; path = iTunesSearchHelperTests.octest; sourceTree = BUILT_PRODUCTS_DIR; };
		F6823D6B130B91830000BF5B /* iTunesSearchHelperTests-Info.plist */ = {isa = PBXFileReference; lastKnownFileType = text.plist.xml; path = "iTunesSearchHelperTests-Info.plist"; sourceTree = "<group>"; };
		F6823DDC130B93E80000BF5B /* iTunesSearchLibrary_Prefix.pch */ = {isa = PBXFileReference; fileEncoding = 4; lastKnownFileType = sourcecode.c.h; path = iTunesSearchLibrary_Prefix.pch; sourceTree = "<group>"; };
		F6935CB61230BB6600D668AD /* ERITunesSearchHelper.h */ = {isa = PBXFileReference; fileEncoding = 4; lastKnownFileType = sourcecode.c.h; path = ERITunesSearchHelper.h; sourceTree = "<group>"; };
		F6935CB71230BB6600D668AD /* ERITunesSearchHelper.m */ = {isa = PBXFileReference; fileEncoding = 4; lastKnownFileType = sourcecode.c.objc; path = ERITunesSearchHelper.m; sourceTree = "<group>"; };
		F6C93C0812B32C61006A0743 /* ERITunesAffiliateHelper.h */ = {isa = PBXFileReference; fileEncoding = 4; lastKnownFileType = sourcecode.c.h; path = ERITunesAffiliateHelper.h; sourceTree = "<group>"; };
		F6C93C0912B32C61006A0743 /* ERITunesAffiliateHelper.m */ = {isa = PBXFileReference; fileEncoding = 4; lastKnownFileType = sourcecode.c.objc; path = ERITunesAffiliateHelper.m; sourceTree = "<group>"; };
		F6E28B5D130F7FD500C413FA /* ERITunesSearchQueryTest.m */ = {isa = PBXFileReference; fileEncoding = 4; lastKnownFileType = sourcecode.c.objc; path = ERITunesSearchQueryTest.m; sourceTree = "<group>"; };
/* End PBXFileReference section */

/* Begin PBXFrameworksBuildPhase section */
		F613BC601230BA9200598136 /* Frameworks */ = {
			isa = PBXFrameworksBuildPhase;
			buildActionMask = 2147483647;
			files = (
				F65E0DB51230C46C005E2D72 /* CoreGraphics.framework in Frameworks */,
				F65E0DB71230C46C005E2D72 /* Foundation.framework in Frameworks */,
				F65E0DB91230C46C005E2D72 /* UIKit.framework in Frameworks */,
			);
			runOnlyForDeploymentPostprocessing = 0;
		};
		F6823D60130B916F0000BF5B /* Frameworks */ = {
			isa = PBXFrameworksBuildPhase;
			buildActionMask = 2147483647;
			files = (
				F6823E40130CD9650000BF5B /* UIKit.framework in Frameworks */,
				F6823D74130B91AA0000BF5B /* Foundation.framework in Frameworks */,
			);
			runOnlyForDeploymentPostprocessing = 0;
		};
		F6823D67130B91830000BF5B /* Frameworks */ = {
			isa = PBXFrameworksBuildPhase;
			buildActionMask = 2147483647;
			files = (
			);
			runOnlyForDeploymentPostprocessing = 0;
		};
/* End PBXFrameworksBuildPhase section */

/* Begin PBXGroup section */
		90B9874C12EA951000D95FE3 /* Affiliates */ = {
			isa = PBXGroup;
			children = (
				90B9873E12EA944E00D95FE3 /* ERITunesAffiliate.h */,
				90B9873F12EA944E00D95FE3 /* ERITunesAffiliate.m */,
				90B9874112EA947A00D95FE3 /* ERITunesAffiliateLinkShare.h */,
				90B9874212EA947A00D95FE3 /* ERITunesAffiliateLinkShare.m */,
				90B9874412EA94AD00D95FE3 /* ERITunesAffiliateTradeDoubler.h */,
				90B9874512EA94AD00D95FE3 /* ERITunesAffiliateTradeDoubler.m */,
				90B9874712EA94D000D95FE3 /* ERITunesAffiliateDGM.h */,
				90B9874812EA94D000D95FE3 /* ERITunesAffiliateDGM.m */,
			);
			name = Affiliates;
			sourceTree = "<group>";
		};
		90B9874D12EA952D00D95FE3 /* Controllers */ = {
			isa = PBXGroup;
			children = (
				F613BC791230BA9300598136 /* RootViewController.h */,
				F613BC7A1230BA9300598136 /* RootViewController.m */,
			);
			name = Controllers;
			path = Classes;
			sourceTree = "<group>";
		};
		F613BC541230BA9100598136 = {
			isa = PBXGroup;
			children = (
				F6823E50130E481A0000BF5B /* ExampleApp */,
				F613BC5B1230BA9200598136 /* Classes */,
				F613BC5C1230BA9200598136 /* Other Sources */,
				F613BC5E1230BA9200598136 /* Frameworks */,
				F6823E4D130E45330000BF5B /* Tests */,
				F613BC641230BA9300598136 /* Products */,
				F6823D6B130B91830000BF5B /* iTunesSearchHelperTests-Info.plist */,
			);
			sourceTree = "<group>";
		};
		F613BC5B1230BA9200598136 /* Classes */ = {
			isa = PBXGroup;
			children = (
				90B9874C12EA951000D95FE3 /* Affiliates */,
				F6935CB61230BB6600D668AD /* ERITunesSearchHelper.h */,
				F6935CB71230BB6600D668AD /* ERITunesSearchHelper.m */,
				F61808FC1240911A00C0B8B8 /* ERITunesSearchQuery.h */,
				F61808FD1240911A00C0B8B8 /* ERITunesSearchQuery.m */,
				F63977E3126EA61400C1EA7D /* ERITunesSearchErrors.h */,
				F6C93C0812B32C61006A0743 /* ERITunesAffiliateHelper.h */,
				F6C93C0912B32C61006A0743 /* ERITunesAffiliateHelper.m */,
			);
			path = Classes;
			sourceTree = "<group>";
		};
		F613BC5C1230BA9200598136 /* Other Sources */ = {
			isa = PBXGroup;
			children = (
				F6823DDC130B93E80000BF5B /* iTunesSearchLibrary_Prefix.pch */,
			);
			name = "Other Sources";
			sourceTree = "<group>";
		};
		F613BC5D1230BA9200598136 /* Resources */ = {
			isa = PBXGroup;
			children = (
				F613BC6C1230BA9300598136 /* iTunesSearchHelper-Info.plist */,
				F613BC6E1230BA9300598136 /* InfoPlist.strings */,
				F613BC761230BA9300598136 /* MainWindow.xib */,
				F613BC7C1230BA9300598136 /* RootViewController.xib */,
			);
			name = Resources;
			sourceTree = "<group>";
		};
		F613BC5E1230BA9200598136 /* Frameworks */ = {
			isa = PBXGroup;
			children = (
				F65E0DB41230C46C005E2D72 /* CoreGraphics.framework */,
				F65E0DB61230C46C005E2D72 /* Foundation.framework */,
				F65E0DB81230C46C005E2D72 /* UIKit.framework */,
			);
			name = Frameworks;
			sourceTree = "<group>";
		};
		F613BC641230BA9300598136 /* Products */ = {
			isa = PBXGroup;
			children = (
				F613BC631230BA9300598136 /* iTunesSearchHelper.app */,
				F6823D62130B916F0000BF5B /* libiTunesSearchLibrary.a */,
				F6823D6A130B91830000BF5B /* iTunesSearchHelperTests.octest */,
			);
			name = Products;
			sourceTree = "<group>";
		};
		F6823E4D130E45330000BF5B /* Tests */ = {
			isa = PBXGroup;
			children = (
				F6E28B5D130F7FD500C413FA /* ERITunesSearchQueryTest.m */,
			);
			name = Tests;
			sourceTree = "<group>";
		};
		F6823E50130E481A0000BF5B /* ExampleApp */ = {
			isa = PBXGroup;
			children = (
				F613BC5D1230BA9200598136 /* Resources */,
				F613BC6D1230BA9300598136 /* iTunesSearchHelper_Prefix.pch */,
				F613BC711230BA9300598136 /* main.m */,
				90B9874D12EA952D00D95FE3 /* Controllers */,
				F613BC731230BA9300598136 /* iTunesSearchHelperAppDelegate.h */,
				F613BC741230BA9300598136 /* iTunesSearchHelperAppDelegate.m */,
			);
			name = ExampleApp;
			sourceTree = "<group>";
		};
/* End PBXGroup section */

/* Begin PBXHeadersBuildPhase section */
		F6823D5E130B916F0000BF5B /* Headers */ = {
			isa = PBXHeadersBuildPhase;
			buildActionMask = 2147483647;
			files = (
				F6823DD2130B93610000BF5B /* ERITunesAffiliate.h in Headers */,
				F6823DD3130B93610000BF5B /* ERITunesAffiliateLinkShare.h in Headers */,
				F6823DD4130B93610000BF5B /* ERITunesAffiliateTradeDoubler.h in Headers */,
				F6823DD5130B93610000BF5B /* ERITunesAffiliateDGM.h in Headers */,
				F6823DD6130B93610000BF5B /* ERITunesSearchHelper.h in Headers */,
				F6823DD7130B93610000BF5B /* ERITunesSearchQuery.h in Headers */,
				F6823DD8130B93610000BF5B /* ERITunesSearchErrors.h in Headers */,
				F6823DD9130B93610000BF5B /* ERITunesAffiliateHelper.h in Headers */,
				F6823DDD130B93E80000BF5B /* iTunesSearchLibrary_Prefix.pch in Headers */,
			);
			runOnlyForDeploymentPostprocessing = 0;
		};
/* End PBXHeadersBuildPhase section */

/* Begin PBXNativeTarget section */
		F613BC621230BA9200598136 /* iTunesSearchHelper */ = {
			isa = PBXNativeTarget;
			buildConfigurationList = F613BC811230BA9300598136 /* Build configuration list for PBXNativeTarget "iTunesSearchHelper" */;
			buildPhases = (
				F613BC5F1230BA9200598136 /* Sources */,
				F613BC601230BA9200598136 /* Frameworks */,
				F613BC611230BA9200598136 /* Resources */,
			);
			buildRules = (
			);
			dependencies = (
				F6823D72130B918E0000BF5B /* PBXTargetDependency */,
			);
			name = iTunesSearchHelper;
			productName = iTunesSearchHelper;
			productReference = F613BC631230BA9300598136 /* iTunesSearchHelper.app */;
			productType = "com.apple.product-type.application";
		};
		F6823D61130B916F0000BF5B /* iTunesSearchLibrary */ = {
			isa = PBXNativeTarget;
			buildConfigurationList = F6823D6F130B91840000BF5B /* Build configuration list for PBXNativeTarget "iTunesSearchLibrary" */;
			buildPhases = (
				F6823D5E130B916F0000BF5B /* Headers */,
				F6823D5F130B916F0000BF5B /* Sources */,
				F6823D60130B916F0000BF5B /* Frameworks */,
			);
			buildRules = (
			);
			dependencies = (
			);
			name = iTunesSearchLibrary;
			productName = iTunesSearchLibrary;
			productReference = F6823D62130B916F0000BF5B /* libiTunesSearchLibrary.a */;
			productType = "com.apple.product-type.library.static";
		};
		F6823D69130B91830000BF5B /* iTunesSearchHelperTests */ = {
			isa = PBXNativeTarget;
			buildConfigurationList = F6823D70130B91840000BF5B /* Build configuration list for PBXNativeTarget "iTunesSearchHelperTests" */;
			buildPhases = (
				F6823D65130B91830000BF5B /* Resources */,
				F6823D66130B91830000BF5B /* Sources */,
				F6823D67130B91830000BF5B /* Frameworks */,
				F6823D68130B91830000BF5B /* ShellScript */,
			);
			buildRules = (
			);
			dependencies = (
				F6E28B62130F810700C413FA /* PBXTargetDependency */,
			);
			name = iTunesSearchHelperTests;
			productName = iTunesSearchHelperTests;
			productReference = F6823D6A130B91830000BF5B /* iTunesSearchHelperTests.octest */;
			productType = "com.apple.product-type.bundle";
		};
/* End PBXNativeTarget section */

/* Begin PBXProject section */
		F613BC561230BA9100598136 /* Project object */ = {
			isa = PBXProject;
			attributes = {
				ORGANIZATIONNAME = "Ethereal Robot, LLC";
			};
			buildConfigurationList = F613BC591230BA9100598136 /* Build configuration list for PBXProject "iTunesSearchHelper" */;
			compatibilityVersion = "Xcode 3.2";
			developmentRegion = English;
			hasScannedForEncodings = 0;
			knownRegions = (
				en,
			);
			mainGroup = F613BC541230BA9100598136;
			productRefGroup = F613BC641230BA9300598136 /* Products */;
			projectDirPath = "";
			projectRoot = "";
			targets = (
				F613BC621230BA9200598136 /* iTunesSearchHelper */,
				F6823D61130B916F0000BF5B /* iTunesSearchLibrary */,
				F6823D69130B91830000BF5B /* iTunesSearchHelperTests */,
			);
		};
/* End PBXProject section */

/* Begin PBXResourcesBuildPhase section */
		F613BC611230BA9200598136 /* Resources */ = {
			isa = PBXResourcesBuildPhase;
			buildActionMask = 2147483647;
			files = (
				F613BC701230BA9300598136 /* InfoPlist.strings in Resources */,
				F613BC781230BA9300598136 /* MainWindow.xib in Resources */,
				F613BC7E1230BA9300598136 /* RootViewController.xib in Resources */,
			);
			runOnlyForDeploymentPostprocessing = 0;
		};
		F6823D65130B91830000BF5B /* Resources */ = {
			isa = PBXResourcesBuildPhase;
			buildActionMask = 2147483647;
			files = (
			);
			runOnlyForDeploymentPostprocessing = 0;
		};
/* End PBXResourcesBuildPhase section */

/* Begin PBXShellScriptBuildPhase section */
		F6823D68130B91830000BF5B /* ShellScript */ = {
			isa = PBXShellScriptBuildPhase;
			buildActionMask = 2147483647;
			files = (
			);
			inputPaths = (
			);
			outputPaths = (
			);
			runOnlyForDeploymentPostprocessing = 0;
			shellPath = /bin/sh;
			shellScript = "# Run the unit tests in this test bundle.\n\"${SYSTEM_DEVELOPER_DIR}/Tools/RunUnitTests\"\n";
		};
/* End PBXShellScriptBuildPhase section */

/* Begin PBXSourcesBuildPhase section */
		F613BC5F1230BA9200598136 /* Sources */ = {
			isa = PBXSourcesBuildPhase;
			buildActionMask = 2147483647;
			files = (
				F613BC721230BA9300598136 /* main.m in Sources */,
				F613BC751230BA9300598136 /* iTunesSearchHelperAppDelegate.m in Sources */,
				F613BC7B1230BA9300598136 /* RootViewController.m in Sources */,
			);
			runOnlyForDeploymentPostprocessing = 0;
		};
		F6823D5F130B916F0000BF5B /* Sources */ = {
			isa = PBXSourcesBuildPhase;
			buildActionMask = 2147483647;
			files = (
				F6823DCA130B933A0000BF5B /* ERITunesSearchHelper.m in Sources */,
				F6823DCB130B933A0000BF5B /* ERITunesSearchQuery.m in Sources */,
				F6823DCC130B933A0000BF5B /* ERITunesAffiliateHelper.m in Sources */,
				F6823DCD130B933A0000BF5B /* ERITunesAffiliate.m in Sources */,
				F6823DCE130B933A0000BF5B /* ERITunesAffiliateLinkShare.m in Sources */,
				F6823DCF130B933A0000BF5B /* ERITunesAffiliateTradeDoubler.m in Sources */,
				F6823DD0130B933A0000BF5B /* ERITunesAffiliateDGM.m in Sources */,
			);
			runOnlyForDeploymentPostprocessing = 0;
		};
		F6823D66130B91830000BF5B /* Sources */ = {
			isa = PBXSourcesBuildPhase;
			buildActionMask = 2147483647;
			files = (
				F6823E56130E48BB0000BF5B /* ERITunesSearchHelper.m in Sources */,
				F6823E57130E48BB0000BF5B /* ERITunesSearchQuery.m in Sources */,
				F6823E58130E48BB0000BF5B /* ERITunesAffiliateHelper.m in Sources */,
				F6823E59130E48BB0000BF5B /* ERITunesAffiliate.m in Sources */,
				F6823E5A130E48BB0000BF5B /* ERITunesAffiliateLinkShare.m in Sources */,
				F6823E5B130E48BB0000BF5B /* ERITunesAffiliateTradeDoubler.m in Sources */,
				F6823E5C130E48BB0000BF5B /* ERITunesAffiliateDGM.m in Sources */,
				F6E28B5E130F7FD500C413FA /* ERITunesSearchQueryTest.m in Sources */,
			);
			runOnlyForDeploymentPostprocessing = 0;
		};
/* End PBXSourcesBuildPhase section */

/* Begin PBXTargetDependency section */
		F6823D72130B918E0000BF5B /* PBXTargetDependency */ = {
			isa = PBXTargetDependency;
			target = F6823D61130B916F0000BF5B /* iTunesSearchLibrary */;
			targetProxy = F6823D71130B918E0000BF5B /* PBXContainerItemProxy */;
		};
		F6E28B62130F810700C413FA /* PBXTargetDependency */ = {
			isa = PBXTargetDependency;
			target = F6823D61130B916F0000BF5B /* iTunesSearchLibrary */;
			targetProxy = F6E28B61130F810700C413FA /* PBXContainerItemProxy */;
		};
/* End PBXTargetDependency section */

/* Begin PBXVariantGroup section */
		F613BC6E1230BA9300598136 /* InfoPlist.strings */ = {
			isa = PBXVariantGroup;
			children = (
				F613BC6F1230BA9300598136 /* en */,
			);
			name = InfoPlist.strings;
			sourceTree = "<group>";
		};
		F613BC761230BA9300598136 /* MainWindow.xib */ = {
			isa = PBXVariantGroup;
			children = (
				F613BC771230BA9300598136 /* en */,
			);
			name = MainWindow.xib;
			sourceTree = "<group>";
		};
		F613BC7C1230BA9300598136 /* RootViewController.xib */ = {
			isa = PBXVariantGroup;
			children = (
				F613BC7D1230BA9300598136 /* en */,
			);
			name = RootViewController.xib;
			sourceTree = "<group>";
		};
/* End PBXVariantGroup section */

/* Begin XCBuildConfiguration section */
		F613BC7F1230BA9300598136 /* Debug */ = {
			isa = XCBuildConfiguration;
			buildSettings = {
				ARCHS = "$(ARCHS_STANDARD_32_BIT)";
				"CODE_SIGN_IDENTITY[sdk=iphoneos*]" = "iPhone Distribution";
				GCC_C_LANGUAGE_STANDARD = gnu99;
				GCC_OPTIMIZATION_LEVEL = 0;
				GCC_PREPROCESSOR_DEFINITIONS = DEBUG;
				GCC_WARN_ABOUT_RETURN_TYPE = YES;
				GCC_WARN_UNUSED_VARIABLE = YES;
				IPHONEOS_DEPLOYMENT_TARGET = 3.0;
				PREBINDING = NO;
				"PROVISIONING_PROFILE[sdk=iphoneos*]" = "";
				SDKROOT = iphoneos;
			};
			name = Debug;
		};
		F613BC801230BA9300598136 /* Release */ = {
			isa = XCBuildConfiguration;
			buildSettings = {
				ARCHS = "$(ARCHS_STANDARD_32_BIT)";
				"CODE_SIGN_IDENTITY[sdk=iphoneos*]" = "iPhone Distribution";
				GCC_C_LANGUAGE_STANDARD = gnu99;
				GCC_WARN_ABOUT_RETURN_TYPE = YES;
				GCC_WARN_UNUSED_VARIABLE = YES;
				IPHONEOS_DEPLOYMENT_TARGET = 3.0;
				OTHER_CFLAGS = "-DNS_BLOCK_ASSERTIONS=1";
				PREBINDING = NO;
				"PROVISIONING_PROFILE[sdk=iphoneos*]" = "";
				SDKROOT = iphoneos;
			};
			name = Release;
		};
		F613BC821230BA9300598136 /* Debug */ = {
			isa = XCBuildConfiguration;
			buildSettings = {
				ALWAYS_SEARCH_USER_PATHS = NO;
				COPY_PHASE_STRIP = NO;
				GCC_DYNAMIC_NO_PIC = NO;
				GCC_PRECOMPILE_PREFIX_HEADER = YES;
				GCC_PREFIX_HEADER = iTunesSearchHelper_Prefix.pch;
				INFOPLIST_FILE = "iTunesSearchHelper-Info.plist";
				PRODUCT_NAME = iTunesSearchHelper;
				SDKROOT = iphoneos;
				WRAPPER_EXTENSION = app;
			};
			name = Debug;
		};
		F613BC831230BA9300598136 /* Release */ = {
			isa = XCBuildConfiguration;
			buildSettings = {
				ALWAYS_SEARCH_USER_PATHS = NO;
				COPY_PHASE_STRIP = YES;
				GCC_PRECOMPILE_PREFIX_HEADER = YES;
				GCC_PREFIX_HEADER = iTunesSearchHelper_Prefix.pch;
				INFOPLIST_FILE = "iTunesSearchHelper-Info.plist";
				PRODUCT_NAME = iTunesSearchHelper;
				SDKROOT = iphoneos;
				VALIDATE_PRODUCT = YES;
				WRAPPER_EXTENSION = app;
			};
			name = Release;
		};
		F6823D63130B91700000BF5B /* Debug */ = {
			isa = XCBuildConfiguration;
			buildSettings = {
				ALWAYS_SEARCH_USER_PATHS = NO;
				COPY_PHASE_STRIP = NO;
				GCC_DYNAMIC_NO_PIC = NO;
				GCC_OPTIMIZATION_LEVEL = 0;
				PREBINDING = NO;
				PRODUCT_NAME = iTunesSearchLibrary;
				SDKROOT = iphoneos;
			};
			name = Debug;
		};
		F6823D64130B91700000BF5B /* Release */ = {
			isa = XCBuildConfiguration;
			buildSettings = {
				ALWAYS_SEARCH_USER_PATHS = NO;
				COPY_PHASE_STRIP = YES;
				DEBUG_INFORMATION_FORMAT = "dwarf-with-dsym";
				GCC_ENABLE_FIX_AND_CONTINUE = NO;
				GCC_PREFIX_HEADER = iTunesSearchLibrary_Prefix.pch;
				PREBINDING = NO;
				PRODUCT_NAME = iTunesSearchLibrary;
				SDKROOT = iphoneos;
				ZERO_LINK = NO;
			};
			name = Release;
		};
		F6823D6C130B91830000BF5B /* Debug */ = {
			isa = XCBuildConfiguration;
			buildSettings = {
				ALWAYS_SEARCH_USER_PATHS = NO;
				"CODE_SIGN_IDENTITY[sdk=iphoneos*]" = "";
				COPY_PHASE_STRIP = NO;
				FRAMEWORK_SEARCH_PATHS = (
					"\"$(SDKROOT)/Developer/Library/Frameworks\"",
					"\"$(DEVELOPER_LIBRARY_DIR)/Frameworks\"",
				);
				GCC_DYNAMIC_NO_PIC = NO;
				GCC_ENABLE_FIX_AND_CONTINUE = NO;
				GCC_ENABLE_OBJC_EXCEPTIONS = YES;
				GCC_OPTIMIZATION_LEVEL = 0;
				INFOPLIST_FILE = "iTunesSearchHelperTests-Info.plist";
				OTHER_LDFLAGS = (
					"-framework",
					Foundation,
					"-framework",
					SenTestingKit,
					"-framework",
					UIKit,
				);
				PREBINDING = NO;
				PRODUCT_NAME = iTunesSearchHelperTests;
				SDKROOT = iphoneos;
				WRAPPER_EXTENSION = octest;
			};
			name = Debug;
		};
		F6823D6D130B91830000BF5B /* Release */ = {
			isa = XCBuildConfiguration;
			buildSettings = {
				ALWAYS_SEARCH_USER_PATHS = NO;
				"CODE_SIGN_IDENTITY[sdk=iphoneos*]" = "";
				COPY_PHASE_STRIP = YES;
				DEBUG_INFORMATION_FORMAT = "dwarf-with-dsym";
				FRAMEWORK_SEARCH_PATHS = (
					"\"$(SDKROOT)/Developer/Library/Frameworks\"",
					"\"$(DEVELOPER_LIBRARY_DIR)/Frameworks\"",
				);
				GCC_ENABLE_FIX_AND_CONTINUE = NO;
				GCC_ENABLE_OBJC_EXCEPTIONS = YES;
				INFOPLIST_FILE = "iTunesSearchHelperTests-Info.plist";
				OTHER_LDFLAGS = (
					"-framework",
					Foundation,
					"-framework",
					SenTestingKit,
					"-framework",
					UIKit,
				);
				PREBINDING = NO;
				PRODUCT_NAME = iTunesSearchHelperTests;
				SDKROOT = iphoneos;
				WRAPPER_EXTENSION = octest;
				ZERO_LINK = NO;
			};
			name = Release;
		};
/* End XCBuildConfiguration section */

/* Begin XCConfigurationList section */
		F613BC591230BA9100598136 /* Build configuration list for PBXProject "iTunesSearchHelper" */ = {
			isa = XCConfigurationList;
			buildConfigurations = (
				F613BC7F1230BA9300598136 /* Debug */,
				F613BC801230BA9300598136 /* Release */,
			);
			defaultConfigurationIsVisible = 0;
			defaultConfigurationName = Release;
		};
		F613BC811230BA9300598136 /* Build configuration list for PBXNativeTarget "iTunesSearchHelper" */ = {
			isa = XCConfigurationList;
			buildConfigurations = (
				F613BC821230BA9300598136 /* Debug */,
				F613BC831230BA9300598136 /* Release */,
			);
			defaultConfigurationIsVisible = 0;
			defaultConfigurationName = Release;
		};
		F6823D6F130B91840000BF5B /* Build configuration list for PBXNativeTarget "iTunesSearchLibrary" */ = {
			isa = XCConfigurationList;
			buildConfigurations = (
				F6823D63130B91700000BF5B /* Debug */,
				F6823D64130B91700000BF5B /* Release */,
			);
			defaultConfigurationIsVisible = 0;
			defaultConfigurationName = Release;
		};
		F6823D70130B91840000BF5B /* Build configuration list for PBXNativeTarget "iTunesSearchHelperTests" */ = {
			isa = XCConfigurationList;
			buildConfigurations = (
				F6823D6C130B91830000BF5B /* Debug */,
				F6823D6D130B91830000BF5B /* Release */,
			);
			defaultConfigurationIsVisible = 0;
			defaultConfigurationName = Release;
		};
/* End XCConfigurationList section */
	};
	rootObject = F613BC561230BA9100598136 /* Project object */;
}
